// !$*UTF8*$!
{
	archiveVersion = 1;
	classes = {
	};
	objectVersion = 56;
	objects = {

/* Begin PBXBuildFile section */
		6604C265271E1EF80024898E /* M1Craft App.swift in Sources */ = {isa = PBXBuildFile; fileRef = 6604C264271E1EF80024898E /* M1Craft App.swift */; };
		6604C269271E1EF90024898E /* Assets.xcassets in Resources */ = {isa = PBXBuildFile; fileRef = 6604C268271E1EF90024898E /* Assets.xcassets */; };
		6604C278271E1FD80024898E /* ContentView.swift in Sources */ = {isa = PBXBuildFile; fileRef = 6604C277271E1FD80024898E /* ContentView.swift */; };
		6604C27B271E1FFC0024898E /* InstallationManager in Frameworks */ = {isa = PBXBuildFile; productRef = 6604C27A271E1FFC0024898E /* InstallationManager */; };
		6610CB9B28577A5E00677E6E /* Localizable.strings in Resources */ = {isa = PBXBuildFile; fileRef = 6610CB9A28577A5E00677E6E /* Localizable.strings */; };
		6640C3CD27FE442500831E89 /* Array+RawRepresentable.swift in Sources */ = {isa = PBXBuildFile; fileRef = 6640C3CC27FE442400831E89 /* Array+RawRepresentable.swift */; };
		66530F3427C6086900CD94DE /* MainWindow.swift in Sources */ = {isa = PBXBuildFile; fileRef = 66530F3327C6086900CD94DE /* MainWindow.swift */; };
		66530F3727C60C1A00CD94DE /* VersionListView.swift in Sources */ = {isa = PBXBuildFile; fileRef = 66530F3627C60C1A00CD94DE /* VersionListView.swift */; };
		66530F3927C60C8800CD94DE /* AppState.swift in Sources */ = {isa = PBXBuildFile; fileRef = 66530F3827C60C8800CD94DE /* AppState.swift */; };
		66530F3B27C6BD2000CD94DE /* VersionListRowView.swift in Sources */ = {isa = PBXBuildFile; fileRef = 66530F3A27C6BD2000CD94DE /* VersionListRowView.swift */; };
		66530F3E27C6BFD500CD94DE /* AppStoreButtonStyle.swift in Sources */ = {isa = PBXBuildFile; fileRef = 66530F3D27C6BFD500CD94DE /* AppStoreButtonStyle.swift */; };
		66648ECC2742DCE5005CD396 /* RefreshAuthView.swift in Sources */ = {isa = PBXBuildFile; fileRef = 66648ECB2742DCE5005CD396 /* RefreshAuthView.swift */; };
		66648ECE27431764005CD396 /* Constants.swift in Sources */ = {isa = PBXBuildFile; fileRef = 66648ECD27431764005CD396 /* Constants.swift */; };
		66A0719C279A6180002311E4 /* SettingsView.swift in Sources */ = {isa = PBXBuildFile; fileRef = 66A0719B279A6180002311E4 /* SettingsView.swift */; };
		66B9CBFB278B3265001A59E2 /* Sparkle in Frameworks */ = {isa = PBXBuildFile; productRef = 66B9CBFA278B3265001A59E2 /* Sparkle */; };
		66B9CBFD278B327A001A59E2 /* SparkleView.swift in Sources */ = {isa = PBXBuildFile; fileRef = 66B9CBFC278B327A001A59E2 /* SparkleView.swift */; };
		66D996812741C8E3000D53DD /* Preflight.swift in Sources */ = {isa = PBXBuildFile; fileRef = 66D996802741C8E3000D53DD /* Preflight.swift */; };
		66F13B1B273DCEA9002C297B /* AuthView.swift in Sources */ = {isa = PBXBuildFile; fileRef = 66F13B1A273DCEA9002C297B /* AuthView.swift */; };
/* End PBXBuildFile section */

/* Begin PBXFileReference section */
		6604C261271E1EF80024898E /* M1Craft.app */ = {isa = PBXFileReference; explicitFileType = wrapper.application; includeInIndex = 0; path = M1Craft.app; sourceTree = BUILT_PRODUCTS_DIR; };
		6604C264271E1EF80024898E /* M1Craft App.swift */ = {isa = PBXFileReference; lastKnownFileType = sourcecode.swift; path = "M1Craft App.swift"; sourceTree = "<group>"; };
		6604C268271E1EF90024898E /* Assets.xcassets */ = {isa = PBXFileReference; lastKnownFileType = folder.assetcatalog; path = Assets.xcassets; sourceTree = "<group>"; };
		6604C26D271E1EF90024898E /* M1Craft.entitlements */ = {isa = PBXFileReference; lastKnownFileType = text.plist.entitlements; path = M1Craft.entitlements; sourceTree = "<group>"; };
		6604C277271E1FD80024898E /* ContentView.swift */ = {isa = PBXFileReference; fileEncoding = 4; lastKnownFileType = sourcecode.swift; path = ContentView.swift; sourceTree = "<group>"; };
		6610CB9A28577A5E00677E6E /* Localizable.strings */ = {isa = PBXFileReference; lastKnownFileType = text.plist.strings; path = Localizable.strings; sourceTree = "<group>"; };
		6640C3CC27FE442400831E89 /* Array+RawRepresentable.swift */ = {isa = PBXFileReference; lastKnownFileType = sourcecode.swift; path = "Array+RawRepresentable.swift"; sourceTree = "<group>"; };
		66530F3327C6086900CD94DE /* MainWindow.swift */ = {isa = PBXFileReference; lastKnownFileType = sourcecode.swift; path = MainWindow.swift; sourceTree = "<group>"; };
		66530F3627C60C1A00CD94DE /* VersionListView.swift */ = {isa = PBXFileReference; lastKnownFileType = sourcecode.swift; path = VersionListView.swift; sourceTree = "<group>"; };
		66530F3827C60C8800CD94DE /* AppState.swift */ = {isa = PBXFileReference; lastKnownFileType = sourcecode.swift; path = AppState.swift; sourceTree = "<group>"; };
		66530F3A27C6BD2000CD94DE /* VersionListRowView.swift */ = {isa = PBXFileReference; lastKnownFileType = sourcecode.swift; path = VersionListRowView.swift; sourceTree = "<group>"; };
		66530F3D27C6BFD500CD94DE /* AppStoreButtonStyle.swift */ = {isa = PBXFileReference; fileEncoding = 4; lastKnownFileType = sourcecode.swift; path = AppStoreButtonStyle.swift; sourceTree = "<group>"; };
		66648ECB2742DCE5005CD396 /* RefreshAuthView.swift */ = {isa = PBXFileReference; lastKnownFileType = sourcecode.swift; path = RefreshAuthView.swift; sourceTree = "<group>"; };
		66648ECD27431764005CD396 /* Constants.swift */ = {isa = PBXFileReference; lastKnownFileType = sourcecode.swift; path = Constants.swift; sourceTree = "<group>"; };
		66A0719B279A6180002311E4 /* SettingsView.swift */ = {isa = PBXFileReference; lastKnownFileType = sourcecode.swift; path = SettingsView.swift; sourceTree = "<group>"; };
		66B8AA03278D299D00E41FA1 /* M1Craft-Debug.entitlements */ = {isa = PBXFileReference; lastKnownFileType = text.plist.entitlements; path = "M1Craft-Debug.entitlements"; sourceTree = "<group>"; };
		66B9CBFC278B327A001A59E2 /* SparkleView.swift */ = {isa = PBXFileReference; lastKnownFileType = sourcecode.swift; path = SparkleView.swift; sourceTree = "<group>"; };
		66D996802741C8E3000D53DD /* Preflight.swift */ = {isa = PBXFileReference; lastKnownFileType = sourcecode.swift; path = Preflight.swift; sourceTree = "<group>"; };
		66F13B19273DCE35002C297B /* M1Craft-Info.plist */ = {isa = PBXFileReference; lastKnownFileType = text.plist.xml; path = "M1Craft-Info.plist"; sourceTree = SOURCE_ROOT; };
		66F13B1A273DCEA9002C297B /* AuthView.swift */ = {isa = PBXFileReference; lastKnownFileType = sourcecode.swift; path = AuthView.swift; sourceTree = "<group>"; };
/* End PBXFileReference section */

/* Begin PBXFrameworksBuildPhase section */
		6604C25E271E1EF80024898E /* Frameworks */ = {
			isa = PBXFrameworksBuildPhase;
			buildActionMask = 2147483647;
			files = (
				6604C27B271E1FFC0024898E /* InstallationManager in Frameworks */,
				66B9CBFB278B3265001A59E2 /* Sparkle in Frameworks */,
			);
			runOnlyForDeploymentPostprocessing = 0;
		};
/* End PBXFrameworksBuildPhase section */

/* Begin PBXGroup section */
		6603695D278E3D4C000D9EFF /* Views */ = {
			isa = PBXGroup;
			children = (
				66530F3C27C6BFA700CD94DE /* Xcodes */,
				66530F3527C60C0000CD94DE /* VersionList */,
				66D996802741C8E3000D53DD /* Preflight.swift */,
				66F13B1A273DCEA9002C297B /* AuthView.swift */,
				66648ECB2742DCE5005CD396 /* RefreshAuthView.swift */,
				6604C277271E1FD80024898E /* ContentView.swift */,
				66B9CBFC278B327A001A59E2 /* SparkleView.swift */,
				66A0719B279A6180002311E4 /* SettingsView.swift */,
				66530F3327C6086900CD94DE /* MainWindow.swift */,
			);
			path = Views;
			sourceTree = "<group>";
		};
		6604C258271E1EF80024898E = {
			isa = PBXGroup;
			children = (
				6604C263271E1EF80024898E /* M1Craft */,
				6604C262271E1EF80024898E /* Products */,
			);
			sourceTree = "<group>";
		};
		6604C262271E1EF80024898E /* Products */ = {
			isa = PBXGroup;
			children = (
				6604C261271E1EF80024898E /* M1Craft.app */,
			);
			name = Products;
			sourceTree = "<group>";
		};
		6604C263271E1EF80024898E /* M1Craft */ = {
			isa = PBXGroup;
			children = (
				6610CB9928577A5400677E6E /* Localization */,
				66B8AA03278D299D00E41FA1 /* M1Craft-Debug.entitlements */,
				66F13B19273DCE35002C297B /* M1Craft-Info.plist */,
				6604C264271E1EF80024898E /* M1Craft App.swift */,
				66530F3827C60C8800CD94DE /* AppState.swift */,
				6603695D278E3D4C000D9EFF /* Views */,
				66648ECD27431764005CD396 /* Constants.swift */,
				6640C3CC27FE442400831E89 /* Array+RawRepresentable.swift */,
				6604C268271E1EF90024898E /* Assets.xcassets */,
				6604C26D271E1EF90024898E /* M1Craft.entitlements */,
			);
			path = M1Craft;
			sourceTree = "<group>";
		};
		6610CB9928577A5400677E6E /* Localization */ = {
			isa = PBXGroup;
			children = (
				6610CB9A28577A5E00677E6E /* Localizable.strings */,
			);
			path = Localization;
			sourceTree = "<group>";
		};
		66530F3527C60C0000CD94DE /* VersionList */ = {
			isa = PBXGroup;
			children = (
				66530F3627C60C1A00CD94DE /* VersionListView.swift */,
				66530F3A27C6BD2000CD94DE /* VersionListRowView.swift */,
			);
			path = VersionList;
			sourceTree = "<group>";
		};
		66530F3C27C6BFA700CD94DE /* Xcodes */ = {
			isa = PBXGroup;
			children = (
				66530F3D27C6BFD500CD94DE /* AppStoreButtonStyle.swift */,
			);
			path = Xcodes;
			sourceTree = "<group>";
		};
/* End PBXGroup section */

/* Begin PBXNativeTarget section */
		6604C260271E1EF80024898E /* M1Craft */ = {
			isa = PBXNativeTarget;
			buildConfigurationList = 6604C270271E1EF90024898E /* Build configuration list for PBXNativeTarget "M1Craft" */;
			buildPhases = (
				6604C25D271E1EF80024898E /* Sources */,
				6604C25E271E1EF80024898E /* Frameworks */,
				6604C25F271E1EF80024898E /* Resources */,
			);
			buildRules = (
			);
			dependencies = (
			);
			name = M1Craft;
			packageProductDependencies = (
				6604C27A271E1FFC0024898E /* InstallationManager */,
				66B9CBFA278B3265001A59E2 /* Sparkle */,
			);
			productName = "M1Craft UI";
			productReference = 6604C261271E1EF80024898E /* M1Craft.app */;
			productType = "com.apple.product-type.application";
		};
/* End PBXNativeTarget section */

/* Begin PBXProject section */
		6604C259271E1EF80024898E /* Project object */ = {
			isa = PBXProject;
			attributes = {
				BuildIndependentTargetsInParallel = 1;
				LastSwiftUpdateCheck = 1310;
				LastUpgradeCheck = 1410;
				TargetAttributes = {
					6604C260271E1EF80024898E = {
						CreatedOnToolsVersion = 13.1;
					};
				};
			};
			buildConfigurationList = 6604C25C271E1EF80024898E /* Build configuration list for PBXProject "M1Craft" */;
			compatibilityVersion = "Xcode 14.0";
			developmentRegion = en;
			hasScannedForEncodings = 0;
			knownRegions = (
				en,
				Base,
				fr,
			);
			mainGroup = 6604C258271E1EF80024898E;
			packageReferences = (
				6604C279271E1FFC0024898E /* XCRemoteSwiftPackageReference "minecraft-jar-command" */,
				66B9CBF9278B3265001A59E2 /* XCRemoteSwiftPackageReference "Sparkle" */,
			);
			productRefGroup = 6604C262271E1EF80024898E /* Products */;
			projectDirPath = "";
			projectRoot = "";
			targets = (
				6604C260271E1EF80024898E /* M1Craft */,
			);
		};
/* End PBXProject section */

/* Begin PBXResourcesBuildPhase section */
		6604C25F271E1EF80024898E /* Resources */ = {
			isa = PBXResourcesBuildPhase;
			buildActionMask = 2147483647;
			files = (
				6604C269271E1EF90024898E /* Assets.xcassets in Resources */,
				6610CB9B28577A5E00677E6E /* Localizable.strings in Resources */,
			);
			runOnlyForDeploymentPostprocessing = 0;
		};
/* End PBXResourcesBuildPhase section */

/* Begin PBXSourcesBuildPhase section */
		6604C25D271E1EF80024898E /* Sources */ = {
			isa = PBXSourcesBuildPhase;
			buildActionMask = 2147483647;
			files = (
				66648ECC2742DCE5005CD396 /* RefreshAuthView.swift in Sources */,
				6604C265271E1EF80024898E /* M1Craft App.swift in Sources */,
				66530F3B27C6BD2000CD94DE /* VersionListRowView.swift in Sources */,
				6604C278271E1FD80024898E /* ContentView.swift in Sources */,
				66530F3927C60C8800CD94DE /* AppState.swift in Sources */,
				66F13B1B273DCEA9002C297B /* AuthView.swift in Sources */,
				66A0719C279A6180002311E4 /* SettingsView.swift in Sources */,
				6640C3CD27FE442500831E89 /* Array+RawRepresentable.swift in Sources */,
				66D996812741C8E3000D53DD /* Preflight.swift in Sources */,
				66530F3E27C6BFD500CD94DE /* AppStoreButtonStyle.swift in Sources */,
				66648ECE27431764005CD396 /* Constants.swift in Sources */,
				66B9CBFD278B327A001A59E2 /* SparkleView.swift in Sources */,
				66530F3427C6086900CD94DE /* MainWindow.swift in Sources */,
				66530F3727C60C1A00CD94DE /* VersionListView.swift in Sources */,
			);
			runOnlyForDeploymentPostprocessing = 0;
		};
/* End PBXSourcesBuildPhase section */

/* Begin XCBuildConfiguration section */
		6604C26E271E1EF90024898E /* Debug */ = {
			isa = XCBuildConfiguration;
			buildSettings = {
				ALWAYS_SEARCH_USER_PATHS = NO;
				CLANG_ANALYZER_LOCALIZABILITY_NONLOCALIZED = YES;
				CLANG_ANALYZER_NONNULL = YES;
				CLANG_ANALYZER_NUMBER_OBJECT_CONVERSION = YES_AGGRESSIVE;
				CLANG_CXX_LANGUAGE_STANDARD = "gnu++17";
				CLANG_CXX_LIBRARY = "libc++";
				CLANG_ENABLE_MODULES = YES;
				CLANG_ENABLE_OBJC_ARC = YES;
				CLANG_ENABLE_OBJC_WEAK = YES;
				CLANG_WARN_BLOCK_CAPTURE_AUTORELEASING = YES;
				CLANG_WARN_BOOL_CONVERSION = YES;
				CLANG_WARN_COMMA = YES;
				CLANG_WARN_CONSTANT_CONVERSION = YES;
				CLANG_WARN_DEPRECATED_OBJC_IMPLEMENTATIONS = YES;
				CLANG_WARN_DIRECT_OBJC_ISA_USAGE = YES_ERROR;
				CLANG_WARN_DOCUMENTATION_COMMENTS = YES;
				CLANG_WARN_EMPTY_BODY = YES;
				CLANG_WARN_ENUM_CONVERSION = YES;
				CLANG_WARN_INFINITE_RECURSION = YES;
				CLANG_WARN_INT_CONVERSION = YES;
				CLANG_WARN_NON_LITERAL_NULL_CONVERSION = YES;
				CLANG_WARN_OBJC_IMPLICIT_RETAIN_SELF = YES;
				CLANG_WARN_OBJC_LITERAL_CONVERSION = YES;
				CLANG_WARN_OBJC_ROOT_CLASS = YES_ERROR;
				CLANG_WARN_QUOTED_INCLUDE_IN_FRAMEWORK_HEADER = YES;
				CLANG_WARN_RANGE_LOOP_ANALYSIS = YES;
				CLANG_WARN_STRICT_PROTOTYPES = YES;
				CLANG_WARN_SUSPICIOUS_MOVE = YES;
				CLANG_WARN_UNGUARDED_AVAILABILITY = YES_AGGRESSIVE;
				CLANG_WARN_UNREACHABLE_CODE = YES;
				CLANG_WARN__DUPLICATE_METHOD_MATCH = YES;
				COPY_PHASE_STRIP = NO;
				DEAD_CODE_STRIPPING = YES;
				DEBUG_INFORMATION_FORMAT = dwarf;
				ENABLE_STRICT_OBJC_MSGSEND = YES;
				ENABLE_TESTABILITY = YES;
				GCC_C_LANGUAGE_STANDARD = gnu11;
				GCC_DYNAMIC_NO_PIC = NO;
				GCC_NO_COMMON_BLOCKS = YES;
				GCC_OPTIMIZATION_LEVEL = 0;
				GCC_PREPROCESSOR_DEFINITIONS = (
					"DEBUG=1",
					"$(inherited)",
				);
				GCC_WARN_64_TO_32_BIT_CONVERSION = YES;
				GCC_WARN_ABOUT_RETURN_TYPE = YES_ERROR;
				GCC_WARN_UNDECLARED_SELECTOR = YES;
				GCC_WARN_UNINITIALIZED_AUTOS = YES_AGGRESSIVE;
				GCC_WARN_UNUSED_FUNCTION = YES;
				GCC_WARN_UNUSED_VARIABLE = YES;
				MACOSX_DEPLOYMENT_TARGET = 12.4;
				MTL_ENABLE_DEBUG_INFO = INCLUDE_SOURCE;
				MTL_FAST_MATH = YES;
				ONLY_ACTIVE_ARCH = YES;
				SDKROOT = macosx;
				SWIFT_ACTIVE_COMPILATION_CONDITIONS = DEBUG;
				SWIFT_OPTIMIZATION_LEVEL = "-Onone";
			};
			name = Debug;
		};
		6604C26F271E1EF90024898E /* Release */ = {
			isa = XCBuildConfiguration;
			buildSettings = {
				ALWAYS_SEARCH_USER_PATHS = NO;
				CLANG_ANALYZER_LOCALIZABILITY_NONLOCALIZED = YES;
				CLANG_ANALYZER_NONNULL = YES;
				CLANG_ANALYZER_NUMBER_OBJECT_CONVERSION = YES_AGGRESSIVE;
				CLANG_CXX_LANGUAGE_STANDARD = "gnu++17";
				CLANG_CXX_LIBRARY = "libc++";
				CLANG_ENABLE_MODULES = YES;
				CLANG_ENABLE_OBJC_ARC = YES;
				CLANG_ENABLE_OBJC_WEAK = YES;
				CLANG_WARN_BLOCK_CAPTURE_AUTORELEASING = YES;
				CLANG_WARN_BOOL_CONVERSION = YES;
				CLANG_WARN_COMMA = YES;
				CLANG_WARN_CONSTANT_CONVERSION = YES;
				CLANG_WARN_DEPRECATED_OBJC_IMPLEMENTATIONS = YES;
				CLANG_WARN_DIRECT_OBJC_ISA_USAGE = YES_ERROR;
				CLANG_WARN_DOCUMENTATION_COMMENTS = YES;
				CLANG_WARN_EMPTY_BODY = YES;
				CLANG_WARN_ENUM_CONVERSION = YES;
				CLANG_WARN_INFINITE_RECURSION = YES;
				CLANG_WARN_INT_CONVERSION = YES;
				CLANG_WARN_NON_LITERAL_NULL_CONVERSION = YES;
				CLANG_WARN_OBJC_IMPLICIT_RETAIN_SELF = YES;
				CLANG_WARN_OBJC_LITERAL_CONVERSION = YES;
				CLANG_WARN_OBJC_ROOT_CLASS = YES_ERROR;
				CLANG_WARN_QUOTED_INCLUDE_IN_FRAMEWORK_HEADER = YES;
				CLANG_WARN_RANGE_LOOP_ANALYSIS = YES;
				CLANG_WARN_STRICT_PROTOTYPES = YES;
				CLANG_WARN_SUSPICIOUS_MOVE = YES;
				CLANG_WARN_UNGUARDED_AVAILABILITY = YES_AGGRESSIVE;
				CLANG_WARN_UNREACHABLE_CODE = YES;
				CLANG_WARN__DUPLICATE_METHOD_MATCH = YES;
				COPY_PHASE_STRIP = NO;
				DEAD_CODE_STRIPPING = YES;
				DEBUG_INFORMATION_FORMAT = "dwarf-with-dsym";
				ENABLE_NS_ASSERTIONS = NO;
				ENABLE_STRICT_OBJC_MSGSEND = YES;
				GCC_C_LANGUAGE_STANDARD = gnu11;
				GCC_NO_COMMON_BLOCKS = YES;
				GCC_WARN_64_TO_32_BIT_CONVERSION = YES;
				GCC_WARN_ABOUT_RETURN_TYPE = YES_ERROR;
				GCC_WARN_UNDECLARED_SELECTOR = YES;
				GCC_WARN_UNINITIALIZED_AUTOS = YES_AGGRESSIVE;
				GCC_WARN_UNUSED_FUNCTION = YES;
				GCC_WARN_UNUSED_VARIABLE = YES;
				MACOSX_DEPLOYMENT_TARGET = 12.4;
				MTL_ENABLE_DEBUG_INFO = NO;
				MTL_FAST_MATH = YES;
				SDKROOT = macosx;
				SWIFT_COMPILATION_MODE = wholemodule;
				SWIFT_OPTIMIZATION_LEVEL = "-O";
			};
			name = Release;
		};
		6604C271271E1EF90024898E /* Debug */ = {
			isa = XCBuildConfiguration;
			buildSettings = {
				ARCHS = "$(ARCHS_STANDARD)";
				ASSETCATALOG_COMPILER_APPICON_NAME = AppIcon;
				ASSETCATALOG_COMPILER_GLOBAL_ACCENT_COLOR_NAME = AccentColor;
				ASSETCATALOG_COMPILER_INCLUDE_ALL_APPICON_ASSETS = NO;
				CODE_SIGN_ENTITLEMENTS = "M1Craft/M1Craft-Debug.entitlements";
				CODE_SIGN_IDENTITY = "-";
				CODE_SIGN_STYLE = Automatic;
				COMBINE_HIDPI_IMAGES = YES;
				CURRENT_PROJECT_VERSION = 20;
				DEAD_CODE_STRIPPING = YES;
				DEVELOPMENT_ASSET_PATHS = "";
				DEVELOPMENT_TEAM = 39QG79F7FD;
				ENABLE_HARDENED_RUNTIME = YES;
				ENABLE_PREVIEWS = YES;
				GENERATE_INFOPLIST_FILE = YES;
				INFOPLIST_FILE = "M1Craft-Info.plist";
				INFOPLIST_KEY_LSApplicationCategoryType = "public.app-category.games";
				LD_RUNPATH_SEARCH_PATHS = (
					"$(inherited)",
					"@executable_path/../Frameworks",
				);
				MACOSX_DEPLOYMENT_TARGET = 12.4;
				MARKETING_VERSION = 2.1.1;
				PRODUCT_BUNDLE_IDENTIFIER = dev.ezekiel.m1craft;
				PRODUCT_NAME = "$(TARGET_NAME)";
				SWIFT_EMIT_LOC_STRINGS = YES;
				SWIFT_VERSION = 5.0;
			};
			name = Debug;
		};
		6604C272271E1EF90024898E /* Release */ = {
			isa = XCBuildConfiguration;
			buildSettings = {
				ARCHS = "$(ARCHS_STANDARD)";
				ASSETCATALOG_COMPILER_APPICON_NAME = AppIcon;
				ASSETCATALOG_COMPILER_GLOBAL_ACCENT_COLOR_NAME = AccentColor;
				ASSETCATALOG_COMPILER_INCLUDE_ALL_APPICON_ASSETS = NO;
				CODE_SIGN_ENTITLEMENTS = M1Craft/M1Craft.entitlements;
				CODE_SIGN_IDENTITY = "-";
				CODE_SIGN_STYLE = Automatic;
				COMBINE_HIDPI_IMAGES = YES;
				CURRENT_PROJECT_VERSION = 20;
				DEAD_CODE_STRIPPING = YES;
				DEVELOPMENT_ASSET_PATHS = "";
				DEVELOPMENT_TEAM = 39QG79F7FD;
				ENABLE_HARDENED_RUNTIME = YES;
				ENABLE_PREVIEWS = YES;
				GENERATE_INFOPLIST_FILE = YES;
				INFOPLIST_FILE = "M1Craft-Info.plist";
				INFOPLIST_KEY_LSApplicationCategoryType = "public.app-category.games";
				LD_RUNPATH_SEARCH_PATHS = (
					"$(inherited)",
					"@executable_path/../Frameworks",
				);
				MACOSX_DEPLOYMENT_TARGET = 12.4;
				MARKETING_VERSION = 2.1.1;
				PRODUCT_BUNDLE_IDENTIFIER = dev.ezekiel.m1craft;
				PRODUCT_NAME = "$(TARGET_NAME)";
				SWIFT_EMIT_LOC_STRINGS = YES;
				SWIFT_VERSION = 5.0;
			};
			name = Release;
		};
/* End XCBuildConfiguration section */

/* Begin XCConfigurationList section */
		6604C25C271E1EF80024898E /* Build configuration list for PBXProject "M1Craft" */ = {
			isa = XCConfigurationList;
			buildConfigurations = (
				6604C26E271E1EF90024898E /* Debug */,
				6604C26F271E1EF90024898E /* Release */,
			);
			defaultConfigurationIsVisible = 0;
			defaultConfigurationName = Release;
		};
		6604C270271E1EF90024898E /* Build configuration list for PBXNativeTarget "M1Craft" */ = {
			isa = XCConfigurationList;
			buildConfigurations = (
				6604C271271E1EF90024898E /* Debug */,
				6604C272271E1EF90024898E /* Release */,
			);
			defaultConfigurationIsVisible = 0;
			defaultConfigurationName = Release;
		};
/* End XCConfigurationList section */

/* Begin XCRemoteSwiftPackageReference section */
		6604C279271E1FFC0024898E /* XCRemoteSwiftPackageReference "minecraft-jar-command" */ = {
			isa = XCRemoteSwiftPackageReference;
			repositoryURL = "https://github.com/ezfe/minecraft-jar-command";
			requirement = {
				branch = main;
				kind = branch;
			};
		};
		66B9CBF9278B3265001A59E2 /* XCRemoteSwiftPackageReference "Sparkle" */ = {
			isa = XCRemoteSwiftPackageReference;
			repositoryURL = "https://github.com/sparkle-project/Sparkle";
			requirement = {
				kind = upToNextMajorVersion;
				minimumVersion = 2.0.0;
			};
		};
/* End XCRemoteSwiftPackageReference section */

/* Begin XCSwiftPackageProductDependency section */
		6604C27A271E1FFC0024898E /* InstallationManager */ = {
			isa = XCSwiftPackageProductDependency;
			package = 6604C279271E1FFC0024898E /* XCRemoteSwiftPackageReference "minecraft-jar-command" */;
			productName = InstallationManager;
		};
		66B9CBFA278B3265001A59E2 /* Sparkle */ = {
			isa = XCSwiftPackageProductDependency;
			package = 66B9CBF9278B3265001A59E2 /* XCRemoteSwiftPackageReference "Sparkle" */;
			productName = Sparkle;
		};
/* End XCSwiftPackageProductDependency section */
	};
	rootObject = 6604C259271E1EF80024898E /* Project object */;
}
