{
  "object": {
    "pins": [
      {
        "package": "minecraft-jar-command",
        "repositoryURL": "https://github.com/ezfe/minecraft-jar-command",
        "state": {
          "branch": "main",
          "revision": "f2d48984654f38659aae4cc96107894cdee17ac0",
          "version": null
        }
      },
      {
        "package": "Sparkle",
        "repositoryURL": "https://github.com/sparkle-project/Sparkle",
        "state": {
          "branch": null,
          "revision": "85d3fa2e0e2b7871866eb1a92231847cff4162fd",
          "version": "2.0.0"
        }
      },
      {
        "package": "swift-crypto",
        "repositoryURL": "https://github.com/apple/swift-crypto.git",
        "state": {
          "branch": null,
          "revision": "3bea268b223651c4ab7b7b9ad62ef9b2d4143eb6",
          "version": "1.1.6"
        }
      },
      {
        "package": "Zip",
        "repositoryURL": "https://github.com/marmelroy/Zip.git",
        "state": {
          "branch": null,
          "revision": "bd19d974e8a38cc8d3a88c90c8a107386c3b8ccf",
          "version": "2.1.1"
        }
      }
    ]
  },
  "version": 1
}
