{
  "pins" : [
    {
      "identity" : "minecraft-jar-command",
      "kind" : "remoteSourceControl",
      "location" : "https://github.com/ezfe/minecraft-jar-command",
      "state" : {
        "branch" : "main",
        "revision" : "8be0d676569868b08531e89f5ab649970f7787a2"
      }
    },
    {
      "identity" : "sparkle",
      "kind" : "remoteSourceControl",
      "location" : "https://github.com/sparkle-project/Sparkle",
      "state" : {
        "revision" : "8e27997de02457a0c4690ffcfb8ac9c8e1066883",
        "version" : "2.2.2"
      }
    },
    {
      "identity" : "swift-crypto",
      "kind" : "remoteSourceControl",
      "location" : "https://github.com/apple/swift-crypto.git",
      "state" : {
        "revision" : "ddb07e896a2a8af79512543b1c7eb9797f8898a5",
        "version" : "1.1.7"
      }
    },
    {
      "identity" : "zip",
      "kind" : "remoteSourceControl",
      "location" : "https://github.com/marmelroy/Zip.git",
      "state" : {
        "revision" : "67fa55813b9e7b3b9acee9c0ae501def28746d76",
        "version" : "2.1.2"
      }
    }
  ],
  "version" : 2
}
