{
  "object": {
    "pins": [
      {
        "package": "minecraft-jar-command",
        "repositoryURL": "https://github.com/ezfe/minecraft-jar-command",
        "state": {
          "branch": "no-icon-handling",
          "revision": "3f33a6807deda6fca778b1c0ab993f3c49e06be5",
          "version": null
        }
      },
      {
        "package": "swift-crypto",
        "repositoryURL": "https://github.com/apple/swift-crypto.git",
        "state": {
          "branch": null,
          "revision": "3bea268b223651c4ab7b7b9ad62ef9b2d4143eb6",
          "version": "1.1.6"
        }
      },
      {
        "package": "Zip",
        "repositoryURL": "https://github.com/marmelroy/Zip.git",
        "state": {
          "branch": null,
          "revision": "bd19d974e8a38cc8d3a88c90c8a107386c3b8ccf",
          "version": "2.1.1"
        }
      }
    ]
  },
  "version": 1
}
